
Microsoft Visual Studio Solution File, Format Version 12.00
# Visual Studio Version 17
VisualStudioVersion = 17.9.34622.214
MinimumVisualStudioVersion = 10.0.40219.1
Project("{8BC9CEB8-8B4A-11D0-8D11-00A0C91BC942}") = "Program", "Program.vcxproj", "{16B7CA70-4678-4C22-B819-012C91CDE2AA}"
EndProject
Project("{8BC9CEB8-8B4A-11D0-8D11-00A0C91BC942}") = "Class1th(Insert_Sort)", "..\Class1th(Insert_Sort)\Class1th(Insert_Sort).vcxproj", "{BE0310AE-C6CF-4E50-B154-C4907728E053}"
EndProject
Project("{8BC9CEB8-8B4A-11D0-8D11-00A0C91BC942}") = "Class2th(count_sort)", "..\Class2th(count_sort)\Class2th(count_sort).vcxproj", "{9ABE9C63-0D6E-4FC1-A1DE-75CFED0BC361}"
EndProject
Project("{8BC9CEB8-8B4A-11D0-8D11-00A0C91BC942}") = "Class3th(two_Pointer)", "..\Class3th(two_Pointer)\Class3th(two_Pointer).vcxproj", "{BB519467-7346-4684-BA22-D399C6C19957}"
EndProject
Project("{8BC9CEB8-8B4A-11D0-8D11-00A0C91BC942}") = "Class4th(BinarySearch)", "..\Class4th(BinarySearch)\Class4th(BinarySearch).vcxproj", "{D2CB31AD-1519-443B-8331-D9B8CA65FDA2}"
EndProject
Project("{8BC9CEB8-8B4A-11D0-8D11-00A0C91BC942}") = "Class5th(Dynamic_Programming)", "..\Class5th(Dynamic_Programming)\Class5th(Dynamic_Programming).vcxproj", "{4E40C745-76EB-444A-8F8C-FB5DA4B91F14}"
EndProject
Project("{8BC9CEB8-8B4A-11D0-8D11-00A0C91BC942}") = "Class6th(QuickSort)", "..\Class6th(QuickSort)\Class6th(QuickSort).vcxproj", "{7ACF0E64-D1A6-4712-B3CA-B52130965200}"
EndProject
Project("{8BC9CEB8-8B4A-11D0-8D11-00A0C91BC942}") = "Class7th(DepthFirstSearch)", "..\Class7th(DepthFirstSearch)\Class7th(DepthFirstSearch).vcxproj", "{11D8B462-FFCC-4A54-892F-B7BDC7750A3B}"
EndProject
Project("{8BC9CEB8-8B4A-11D0-8D11-00A0C91BC942}") = "Class8th(BreadthFirstSearch)", "..\Class8th(BreadthFirstSearch)\Class8th(BreadthFirstSearch).vcxproj", "{95911760-0B26-40FA-BBED-449031AFA4C2}"
EndProject
Project("{8BC9CEB8-8B4A-11D0-8D11-00A0C91BC942}") = "Class9th(merge_sort)", "..\Class9th(merge_sort)\Class9th(merge_sort).vcxproj", "{75E4D4E0-95AE-4AB2-9EA6-88A0A9CC71FA}"
EndProject
Project("{8BC9CEB8-8B4A-11D0-8D11-00A0C91BC942}") = "Classs10th(UnionFind)", "..\Classs10th(UnionFind)\Classs10th(UnionFind).vcxproj", "{6A6961F6-C4A3-409B-A018-ECBE6BDB3130}"
EndProject
Project("{8BC9CEB8-8B4A-11D0-8D11-00A0C91BC942}") = "Class12th(Kruskal)", "..\Class12th(Kruskal)\Class12th(Kruskal).vcxproj", "{14D7C44F-7CDB-4893-B3AD-3ECDDDF17F57}"
EndProject
Project("{8BC9CEB8-8B4A-11D0-8D11-00A0C91BC942}") = "Class13th(greedy)", "..\Class13th(greedy)\Class13th(greedy).vcxproj", "{4F77AC51-9620-4562-97A5-22C885C110F0}"
EndProject
Project("{8BC9CEB8-8B4A-11D0-8D11-00A0C91BC942}") = "Class14th(Dijkstra)", "..\Class14th(Dystra)\Class14th(Dystra).vcxproj", "{B22945BB-D9CE-4B99-8709-B6C7E1F5BF5F}"
EndProject
Project("{8BC9CEB8-8B4A-11D0-8D11-00A0C91BC942}") = "Class15th(Floyd_Warshall)", "..\Class15th(Floyd Warshall)\Class15th(Floyd Warshall).vcxproj", "{9D4F5715-9990-43B5-AFFC-E9721116AA35}"
EndProject
Project("{8BC9CEB8-8B4A-11D0-8D11-00A0C91BC942}") = "Class16th(Brute_Force)", "..\Class16th(Brute_Force)\Class16th(Brute_Force).vcxproj", "{C5542DED-0255-4038-A75D-73B8C3B882E9}"
EndProject
Project("{8BC9CEB8-8B4A-11D0-8D11-00A0C91BC942}") = "Class17th(Back_Tracking)", "..\Class17th(Hanoi_Tower)\Class17th(Hanoi_Tower).vcxproj", "{D94DF2F0-E897-4766-8EFC-DAE55CE3BCD2}"
EndProject
Project("{8BC9CEB8-8B4A-11D0-8D11-00A0C91BC942}") = "Class18th(Eculid Algorithm)", "..\Class18th(Eculid Algorithm)\Class18th(Eculid Algorithm).vcxproj", "{84F9A471-17F5-4B51-8312-B69F48AFA8A8}"
EndProject
Global
	GlobalSection(SolutionConfigurationPlatforms) = preSolution
		Debug|x64 = Debug|x64
		Debug|x86 = Debug|x86
		Release|x64 = Release|x64
		Release|x86 = Release|x86
	EndGlobalSection
	GlobalSection(ProjectConfigurationPlatforms) = postSolution
		{16B7CA70-4678-4C22-B819-012C91CDE2AA}.Debug|x64.ActiveCfg = Debug|x64
		{16B7CA70-4678-4C22-B819-012C91CDE2AA}.Debug|x64.Build.0 = Debug|x64
		{16B7CA70-4678-4C22-B819-012C91CDE2AA}.Debug|x86.ActiveCfg = Debug|Win32
		{16B7CA70-4678-4C22-B819-012C91CDE2AA}.Debug|x86.Build.0 = Debug|Win32
		{16B7CA70-4678-4C22-B819-012C91CDE2AA}.Release|x64.ActiveCfg = Release|x64
		{16B7CA70-4678-4C22-B819-012C91CDE2AA}.Release|x64.Build.0 = Release|x64
		{16B7CA70-4678-4C22-B819-012C91CDE2AA}.Release|x86.ActiveCfg = Release|Win32
		{16B7CA70-4678-4C22-B819-012C91CDE2AA}.Release|x86.Build.0 = Release|Win32
		{BE0310AE-C6CF-4E50-B154-C4907728E053}.Debug|x64.ActiveCfg = Debug|x64
		{BE0310AE-C6CF-4E50-B154-C4907728E053}.Debug|x64.Build.0 = Debug|x64
		{BE0310AE-C6CF-4E50-B154-C4907728E053}.Debug|x86.ActiveCfg = Debug|Win32
		{BE0310AE-C6CF-4E50-B154-C4907728E053}.Debug|x86.Build.0 = Debug|Win32
		{BE0310AE-C6CF-4E50-B154-C4907728E053}.Release|x64.ActiveCfg = Release|x64
		{BE0310AE-C6CF-4E50-B154-C4907728E053}.Release|x64.Build.0 = Release|x64
		{BE0310AE-C6CF-4E50-B154-C4907728E053}.Release|x86.ActiveCfg = Release|Win32
		{BE0310AE-C6CF-4E50-B154-C4907728E053}.Release|x86.Build.0 = Release|Win32
		{9ABE9C63-0D6E-4FC1-A1DE-75CFED0BC361}.Debug|x64.ActiveCfg = Debug|x64
		{9ABE9C63-0D6E-4FC1-A1DE-75CFED0BC361}.Debug|x64.Build.0 = Debug|x64
		{9ABE9C63-0D6E-4FC1-A1DE-75CFED0BC361}.Debug|x86.ActiveCfg = Debug|Win32
		{9ABE9C63-0D6E-4FC1-A1DE-75CFED0BC361}.Debug|x86.Build.0 = Debug|Win32
		{9ABE9C63-0D6E-4FC1-A1DE-75CFED0BC361}.Release|x64.ActiveCfg = Release|x64
		{9ABE9C63-0D6E-4FC1-A1DE-75CFED0BC361}.Release|x64.Build.0 = Release|x64
		{9ABE9C63-0D6E-4FC1-A1DE-75CFED0BC361}.Release|x86.ActiveCfg = Release|Win32
		{9ABE9C63-0D6E-4FC1-A1DE-75CFED0BC361}.Release|x86.Build.0 = Release|Win32
		{BB519467-7346-4684-BA22-D399C6C19957}.Debug|x64.ActiveCfg = Debug|x64
		{BB519467-7346-4684-BA22-D399C6C19957}.Debug|x64.Build.0 = Debug|x64
		{BB519467-7346-4684-BA22-D399C6C19957}.Debug|x86.ActiveCfg = Debug|Win32
		{BB519467-7346-4684-BA22-D399C6C19957}.Debug|x86.Build.0 = Debug|Win32
		{BB519467-7346-4684-BA22-D399C6C19957}.Release|x64.ActiveCfg = Release|x64
		{BB519467-7346-4684-BA22-D399C6C19957}.Release|x64.Build.0 = Release|x64
		{BB519467-7346-4684-BA22-D399C6C19957}.Release|x86.ActiveCfg = Release|Win32
		{BB519467-7346-4684-BA22-D399C6C19957}.Release|x86.Build.0 = Release|Win32
		{D2CB31AD-1519-443B-8331-D9B8CA65FDA2}.Debug|x64.ActiveCfg = Debug|x64
		{D2CB31AD-1519-443B-8331-D9B8CA65FDA2}.Debug|x64.Build.0 = Debug|x64
		{D2CB31AD-1519-443B-8331-D9B8CA65FDA2}.Debug|x86.ActiveCfg = Debug|Win32
		{D2CB31AD-1519-443B-8331-D9B8CA65FDA2}.Debug|x86.Build.0 = Debug|Win32
		{D2CB31AD-1519-443B-8331-D9B8CA65FDA2}.Release|x64.ActiveCfg = Release|x64
		{D2CB31AD-1519-443B-8331-D9B8CA65FDA2}.Release|x64.Build.0 = Release|x64
		{D2CB31AD-1519-443B-8331-D9B8CA65FDA2}.Release|x86.ActiveCfg = Release|Win32
		{D2CB31AD-1519-443B-8331-D9B8CA65FDA2}.Release|x86.Build.0 = Release|Win32
		{4E40C745-76EB-444A-8F8C-FB5DA4B91F14}.Debug|x64.ActiveCfg = Debug|x64
		{4E40C745-76EB-444A-8F8C-FB5DA4B91F14}.Debug|x64.Build.0 = Debug|x64
		{4E40C745-76EB-444A-8F8C-FB5DA4B91F14}.Debug|x86.ActiveCfg = Debug|Win32
		{4E40C745-76EB-444A-8F8C-FB5DA4B91F14}.Debug|x86.Build.0 = Debug|Win32
		{4E40C745-76EB-444A-8F8C-FB5DA4B91F14}.Release|x64.ActiveCfg = Release|x64
		{4E40C745-76EB-444A-8F8C-FB5DA4B91F14}.Release|x64.Build.0 = Release|x64
		{4E40C745-76EB-444A-8F8C-FB5DA4B91F14}.Release|x86.ActiveCfg = Release|Win32
		{4E40C745-76EB-444A-8F8C-FB5DA4B91F14}.Release|x86.Build.0 = Release|Win32
		{7ACF0E64-D1A6-4712-B3CA-B52130965200}.Debug|x64.ActiveCfg = Debug|x64
		{7ACF0E64-D1A6-4712-B3CA-B52130965200}.Debug|x64.Build.0 = Debug|x64
		{7ACF0E64-D1A6-4712-B3CA-B52130965200}.Debug|x86.ActiveCfg = Debug|Win32
		{7ACF0E64-D1A6-4712-B3CA-B52130965200}.Debug|x86.Build.0 = Debug|Win32
		{7ACF0E64-D1A6-4712-B3CA-B52130965200}.Release|x64.ActiveCfg = Release|x64
		{7ACF0E64-D1A6-4712-B3CA-B52130965200}.Release|x64.Build.0 = Release|x64
		{7ACF0E64-D1A6-4712-B3CA-B52130965200}.Release|x86.ActiveCfg = Release|Win32
		{7ACF0E64-D1A6-4712-B3CA-B52130965200}.Release|x86.Build.0 = Release|Win32
		{11D8B462-FFCC-4A54-892F-B7BDC7750A3B}.Debug|x64.ActiveCfg = Debug|x64
		{11D8B462-FFCC-4A54-892F-B7BDC7750A3B}.Debug|x64.Build.0 = Debug|x64
		{11D8B462-FFCC-4A54-892F-B7BDC7750A3B}.Debug|x86.ActiveCfg = Debug|Win32
		{11D8B462-FFCC-4A54-892F-B7BDC7750A3B}.Debug|x86.Build.0 = Debug|Win32
		{11D8B462-FFCC-4A54-892F-B7BDC7750A3B}.Release|x64.ActiveCfg = Release|x64
		{11D8B462-FFCC-4A54-892F-B7BDC7750A3B}.Release|x64.Build.0 = Release|x64
		{11D8B462-FFCC-4A54-892F-B7BDC7750A3B}.Release|x86.ActiveCfg = Release|Win32
		{11D8B462-FFCC-4A54-892F-B7BDC7750A3B}.Release|x86.Build.0 = Release|Win32
		{95911760-0B26-40FA-BBED-449031AFA4C2}.Debug|x64.ActiveCfg = Debug|x64
		{95911760-0B26-40FA-BBED-449031AFA4C2}.Debug|x64.Build.0 = Debug|x64
		{95911760-0B26-40FA-BBED-449031AFA4C2}.Debug|x86.ActiveCfg = Debug|Win32
		{95911760-0B26-40FA-BBED-449031AFA4C2}.Debug|x86.Build.0 = Debug|Win32
		{95911760-0B26-40FA-BBED-449031AFA4C2}.Release|x64.ActiveCfg = Release|x64
		{95911760-0B26-40FA-BBED-449031AFA4C2}.Release|x64.Build.0 = Release|x64
		{95911760-0B26-40FA-BBED-449031AFA4C2}.Release|x86.ActiveCfg = Release|Win32
		{95911760-0B26-40FA-BBED-449031AFA4C2}.Release|x86.Build.0 = Release|Win32
		{75E4D4E0-95AE-4AB2-9EA6-88A0A9CC71FA}.Debug|x64.ActiveCfg = Debug|x64
		{75E4D4E0-95AE-4AB2-9EA6-88A0A9CC71FA}.Debug|x64.Build.0 = Debug|x64
		{75E4D4E0-95AE-4AB2-9EA6-88A0A9CC71FA}.Debug|x86.ActiveCfg = Debug|Win32
		{75E4D4E0-95AE-4AB2-9EA6-88A0A9CC71FA}.Debug|x86.Build.0 = Debug|Win32
		{75E4D4E0-95AE-4AB2-9EA6-88A0A9CC71FA}.Release|x64.ActiveCfg = Release|x64
		{75E4D4E0-95AE-4AB2-9EA6-88A0A9CC71FA}.Release|x64.Build.0 = Release|x64
		{75E4D4E0-95AE-4AB2-9EA6-88A0A9CC71FA}.Release|x86.ActiveCfg = Release|Win32
		{75E4D4E0-95AE-4AB2-9EA6-88A0A9CC71FA}.Release|x86.Build.0 = Release|Win32
		{6A6961F6-C4A3-409B-A018-ECBE6BDB3130}.Debug|x64.ActiveCfg = Debug|x64
		{6A6961F6-C4A3-409B-A018-ECBE6BDB3130}.Debug|x64.Build.0 = Debug|x64
		{6A6961F6-C4A3-409B-A018-ECBE6BDB3130}.Debug|x86.ActiveCfg = Debug|Win32
		{6A6961F6-C4A3-409B-A018-ECBE6BDB3130}.Debug|x86.Build.0 = Debug|Win32
		{6A6961F6-C4A3-409B-A018-ECBE6BDB3130}.Release|x64.ActiveCfg = Release|x64
		{6A6961F6-C4A3-409B-A018-ECBE6BDB3130}.Release|x64.Build.0 = Release|x64
		{6A6961F6-C4A3-409B-A018-ECBE6BDB3130}.Release|x86.ActiveCfg = Release|Win32
		{6A6961F6-C4A3-409B-A018-ECBE6BDB3130}.Release|x86.Build.0 = Release|Win32
		{14D7C44F-7CDB-4893-B3AD-3ECDDDF17F57}.Debug|x64.ActiveCfg = Debug|x64
		{14D7C44F-7CDB-4893-B3AD-3ECDDDF17F57}.Debug|x64.Build.0 = Debug|x64
		{14D7C44F-7CDB-4893-B3AD-3ECDDDF17F57}.Debug|x86.ActiveCfg = Debug|Win32
		{14D7C44F-7CDB-4893-B3AD-3ECDDDF17F57}.Debug|x86.Build.0 = Debug|Win32
		{14D7C44F-7CDB-4893-B3AD-3ECDDDF17F57}.Release|x64.ActiveCfg = Release|x64
		{14D7C44F-7CDB-4893-B3AD-3ECDDDF17F57}.Release|x64.Build.0 = Release|x64
		{14D7C44F-7CDB-4893-B3AD-3ECDDDF17F57}.Release|x86.ActiveCfg = Release|Win32
		{14D7C44F-7CDB-4893-B3AD-3ECDDDF17F57}.Release|x86.Build.0 = Release|Win32
		{4F77AC51-9620-4562-97A5-22C885C110F0}.Debug|x64.ActiveCfg = Debug|x64
		{4F77AC51-9620-4562-97A5-22C885C110F0}.Debug|x64.Build.0 = Debug|x64
		{4F77AC51-9620-4562-97A5-22C885C110F0}.Debug|x86.ActiveCfg = Debug|Win32
		{4F77AC51-9620-4562-97A5-22C885C110F0}.Debug|x86.Build.0 = Debug|Win32
		{4F77AC51-9620-4562-97A5-22C885C110F0}.Release|x64.ActiveCfg = Release|x64
		{4F77AC51-9620-4562-97A5-22C885C110F0}.Release|x64.Build.0 = Release|x64
		{4F77AC51-9620-4562-97A5-22C885C110F0}.Release|x86.ActiveCfg = Release|Win32
		{4F77AC51-9620-4562-97A5-22C885C110F0}.Release|x86.Build.0 = Release|Win32
		{B22945BB-D9CE-4B99-8709-B6C7E1F5BF5F}.Debug|x64.ActiveCfg = Debug|x64
		{B22945BB-D9CE-4B99-8709-B6C7E1F5BF5F}.Debug|x64.Build.0 = Debug|x64
		{B22945BB-D9CE-4B99-8709-B6C7E1F5BF5F}.Debug|x86.ActiveCfg = Debug|Win32
		{B22945BB-D9CE-4B99-8709-B6C7E1F5BF5F}.Debug|x86.Build.0 = Debug|Win32
		{B22945BB-D9CE-4B99-8709-B6C7E1F5BF5F}.Release|x64.ActiveCfg = Release|x64
		{B22945BB-D9CE-4B99-8709-B6C7E1F5BF5F}.Release|x64.Build.0 = Release|x64
		{B22945BB-D9CE-4B99-8709-B6C7E1F5BF5F}.Release|x86.ActiveCfg = Release|Win32
		{B22945BB-D9CE-4B99-8709-B6C7E1F5BF5F}.Release|x86.Build.0 = Release|Win32
		{9D4F5715-9990-43B5-AFFC-E9721116AA35}.Debug|x64.ActiveCfg = Debug|x64
		{9D4F5715-9990-43B5-AFFC-E9721116AA35}.Debug|x64.Build.0 = Debug|x64
		{9D4F5715-9990-43B5-AFFC-E9721116AA35}.Debug|x86.ActiveCfg = Debug|Win32
		{9D4F5715-9990-43B5-AFFC-E9721116AA35}.Debug|x86.Build.0 = Debug|Win32
		{9D4F5715-9990-43B5-AFFC-E9721116AA35}.Release|x64.ActiveCfg = Release|x64
		{9D4F5715-9990-43B5-AFFC-E9721116AA35}.Release|x64.Build.0 = Release|x64
		{9D4F5715-9990-43B5-AFFC-E9721116AA35}.Release|x86.ActiveCfg = Release|Win32
		{9D4F5715-9990-43B5-AFFC-E9721116AA35}.Release|x86.Build.0 = Release|Win32
		{C5542DED-0255-4038-A75D-73B8C3B882E9}.Debug|x64.ActiveCfg = Debug|x64
		{C5542DED-0255-4038-A75D-73B8C3B882E9}.Debug|x64.Build.0 = Debug|x64
		{C5542DED-0255-4038-A75D-73B8C3B882E9}.Debug|x86.ActiveCfg = Debug|Win32
		{C5542DED-0255-4038-A75D-73B8C3B882E9}.Debug|x86.Build.0 = Debug|Win32
		{C5542DED-0255-4038-A75D-73B8C3B882E9}.Release|x64.ActiveCfg = Release|x64
		{C5542DED-0255-4038-A75D-73B8C3B882E9}.Release|x64.Build.0 = Release|x64
		{C5542DED-0255-4038-A75D-73B8C3B882E9}.Release|x86.ActiveCfg = Release|Win32
		{C5542DED-0255-4038-A75D-73B8C3B882E9}.Release|x86.Build.0 = Release|Win32
		{D94DF2F0-E897-4766-8EFC-DAE55CE3BCD2}.Debug|x64.ActiveCfg = Debug|x64
		{D94DF2F0-E897-4766-8EFC-DAE55CE3BCD2}.Debug|x64.Build.0 = Debug|x64
		{D94DF2F0-E897-4766-8EFC-DAE55CE3BCD2}.Debug|x86.ActiveCfg = Debug|Win32
		{D94DF2F0-E897-4766-8EFC-DAE55CE3BCD2}.Debug|x86.Build.0 = Debug|Win32
		{D94DF2F0-E897-4766-8EFC-DAE55CE3BCD2}.Release|x64.ActiveCfg = Release|x64
		{D94DF2F0-E897-4766-8EFC-DAE55CE3BCD2}.Release|x64.Build.0 = Release|x64
		{D94DF2F0-E897-4766-8EFC-DAE55CE3BCD2}.Release|x86.ActiveCfg = Release|Win32
		{D94DF2F0-E897-4766-8EFC-DAE55CE3BCD2}.Release|x86.Build.0 = Release|Win32
		{84F9A471-17F5-4B51-8312-B69F48AFA8A8}.Debug|x64.ActiveCfg = Debug|x64
		{84F9A471-17F5-4B51-8312-B69F48AFA8A8}.Debug|x64.Build.0 = Debug|x64
		{84F9A471-17F5-4B51-8312-B69F48AFA8A8}.Debug|x86.ActiveCfg = Debug|Win32
		{84F9A471-17F5-4B51-8312-B69F48AFA8A8}.Debug|x86.Build.0 = Debug|Win32
		{84F9A471-17F5-4B51-8312-B69F48AFA8A8}.Release|x64.ActiveCfg = Release|x64
		{84F9A471-17F5-4B51-8312-B69F48AFA8A8}.Release|x64.Build.0 = Release|x64
		{84F9A471-17F5-4B51-8312-B69F48AFA8A8}.Release|x86.ActiveCfg = Release|Win32
		{84F9A471-17F5-4B51-8312-B69F48AFA8A8}.Release|x86.Build.0 = Release|Win32
	EndGlobalSection
	GlobalSection(SolutionProperties) = preSolution
		HideSolutionNode = FALSE
	EndGlobalSection
	GlobalSection(ExtensibilityGlobals) = postSolution
		SolutionGuid = {8CDC8C5A-8145-4520-8DEB-DFE690CEB5CA}
	EndGlobalSection
EndGlobal
